
Microsoft Visual Studio Solution File, Format Version 12.00
# Visual Studio 15
VisualStudioVersion = 15.0.28010.2016
MinimumVisualStudioVersion = 10.0.40219.1
Project("{FAE04EC0-301F-11D3-BF4B-00C04F79EFBC}") = "SamplePuppeteerSharp", "SamplePuppeteerSharp\SamplePuppeteerSharp.csproj", "{36D41043-18BC-42C3-936C-A786979D4CF1}"
EndProject
Global
	GlobalSection(SolutionConfigurationPlatforms) = preSolution
		Debug|Any CPU = Debug|Any CPU
		Release|Any CPU = Release|Any CPU
	EndGlobalSection
	GlobalSection(ProjectConfigurationPlatforms) = postSolution
		{36D41043-18BC-42C3-936C-A786979D4CF1}.Debug|Any CPU.ActiveCfg = Debug|Any CPU
		{36D41043-18BC-42C3-936C-A786979D4CF1}.Debug|Any CPU.Build.0 = Debug|Any CPU
		{36D41043-18BC-42C3-936C-A786979D4CF1}.Release|Any CPU.ActiveCfg = Release|Any CPU
		{36D41043-18BC-42C3-936C-A786979D4CF1}.Release|Any CPU.Build.0 = Release|Any CPU
	EndGlobalSection
	GlobalSection(SolutionProperties) = preSolution
		HideSolutionNode = FALSE
	EndGlobalSection
	GlobalSection(ExtensibilityGlobals) = postSolution
		SolutionGuid = {0496E055-61EC-48A8-BEAF-6CE9367BAFC1}
	EndGlobalSection
EndGlobal
